
Microsoft Visual Studio Solution File, Format Version 12.00
# Visual Studio 15
VisualStudioVersion = 15.0.28307.168
MinimumVisualStudioVersion = 10.0.40219.1
Project("{FAE04EC0-301F-11D3-BF4B-00C04F79EFBC}") = "XunitExam", "XunitExam\XunitExam.csproj", "{3AA67A54-10FB-420B-96E5-56F3494C647A}"
EndProject
Global
	GlobalSection(SolutionConfigurationPlatforms) = preSolution
		Debug|Any CPU = Debug|Any CPU
		Release|Any CPU = Release|Any CPU
	EndGlobalSection
	GlobalSection(ProjectConfigurationPlatforms) = postSolution
		{3AA67A54-10FB-420B-96E5-56F3494C647A}.Debug|Any CPU.ActiveCfg = Debug|Any CPU
		{3AA67A54-10FB-420B-96E5-56F3494C647A}.Debug|Any CPU.Build.0 = Debug|Any CPU
		{3AA67A54-10FB-420B-96E5-56F3494C647A}.Release|Any CPU.ActiveCfg = Release|Any CPU
		{3AA67A54-10FB-420B-96E5-56F3494C647A}.Release|Any CPU.Build.0 = Release|Any CPU
	EndGlobalSection
	GlobalSection(SolutionProperties) = preSolution
		HideSolutionNode = FALSE
	EndGlobalSection
	GlobalSection(ExtensibilityGlobals) = postSolution
		SolutionGuid = {FFC9BABD-A0B4-4D4E-9FD7-F5D09636D2B9}
	EndGlobalSection
EndGlobal
